
Microsoft Visual Studio Solution File, Format Version 12.00
# Visual Studio Version 17
VisualStudioVersion = 17.14.36202.13 d17.14
MinimumVisualStudioVersion = 10.0.40219.1
Project("{FAE04EC0-301F-11D3-BF4B-00C04F79EFBC}") = "CodingWiki_Web", "CodingWiki_Web\CodingWiki_Web.csproj", "{5CC430C8-134C-4F95-93B6-BBD1E1E444F0}"
EndProject
Global
	GlobalSection(SolutionConfigurationPlatforms) = preSolution
		Debug|Any CPU = Debug|Any CPU
		Release|Any CPU = Release|Any CPU
	EndGlobalSection
	GlobalSection(ProjectConfigurationPlatforms) = postSolution
		{5CC430C8-134C-4F95-93B6-BBD1E1E444F0}.Debug|Any CPU.ActiveCfg = Debug|Any CPU
		{5CC430C8-134C-4F95-93B6-BBD1E1E444F0}.Debug|Any CPU.Build.0 = Debug|Any CPU
		{5CC430C8-134C-4F95-93B6-BBD1E1E444F0}.Release|Any CPU.ActiveCfg = Release|Any CPU
		{5CC430C8-134C-4F95-93B6-BBD1E1E444F0}.Release|Any CPU.Build.0 = Release|Any CPU
	EndGlobalSection
	GlobalSection(SolutionProperties) = preSolution
		HideSolutionNode = FALSE
	EndGlobalSection
	GlobalSection(ExtensibilityGlobals) = postSolution
		SolutionGuid = {F51773DD-3316-49E5-BFCF-24E2343BEE6D}
	EndGlobalSection
EndGlobal
